
Microsoft Visual Studio Solution File, Format Version 12.00
# Visual Studio Version 17
VisualStudioVersion = 17.2.32616.157
MinimumVisualStudioVersion = 10.0.40219.1
Project("{2150E333-8FDC-42A3-9474-1A3956D46DE8}") = "Services", "Services", "{CEED3A28-3808-43B6-B3B2-653C5F0517CE}"
EndProject
Project("{2150E333-8FDC-42A3-9474-1A3956D46DE8}") = "Catalog", "Catalog", "{5210C4E7-272D-4067-ADC1-AE58094FF82D}"
EndProject
Project("{FAE04EC0-301F-11D3-BF4B-00C04F79EFBC}") = "Catalog.API", "Services\Catalog\Catalog.API\Catalog.API.csproj", "{F9968BD1-F685-4E97-86C7-6CD54AE84338}"
EndProject
Global
	GlobalSection(SolutionConfigurationPlatforms) = preSolution
		Debug|Any CPU = Debug|Any CPU
		Release|Any CPU = Release|Any CPU
	EndGlobalSection
	GlobalSection(ProjectConfigurationPlatforms) = postSolution
		{F9968BD1-F685-4E97-86C7-6CD54AE84338}.Debug|Any CPU.ActiveCfg = Debug|Any CPU
		{F9968BD1-F685-4E97-86C7-6CD54AE84338}.Debug|Any CPU.Build.0 = Debug|Any CPU
		{F9968BD1-F685-4E97-86C7-6CD54AE84338}.Release|Any CPU.ActiveCfg = Release|Any CPU
		{F9968BD1-F685-4E97-86C7-6CD54AE84338}.Release|Any CPU.Build.0 = Release|Any CPU
	EndGlobalSection
	GlobalSection(SolutionProperties) = preSolution
		HideSolutionNode = FALSE
	EndGlobalSection
	GlobalSection(NestedProjects) = preSolution
		{5210C4E7-272D-4067-ADC1-AE58094FF82D} = {CEED3A28-3808-43B6-B3B2-653C5F0517CE}
		{F9968BD1-F685-4E97-86C7-6CD54AE84338} = {5210C4E7-272D-4067-ADC1-AE58094FF82D}
	EndGlobalSection
	GlobalSection(ExtensibilityGlobals) = postSolution
		SolutionGuid = {19555E27-BBEB-4AC2-AF3C-AE3397C89D96}
	EndGlobalSection
EndGlobal
