
Microsoft Visual Studio Solution File, Format Version 12.00
# Visual Studio Version 17
VisualStudioVersion = 17.2.32616.157
MinimumVisualStudioVersion = 10.0.40219.1
Project("{2150E333-8FDC-42A3-9474-1A3956D46DE8}") = "Services", "Services", "{CEED3A28-3808-43B6-B3B2-653C5F0517CE}"
EndProject
Project("{2150E333-8FDC-42A3-9474-1A3956D46DE8}") = "Catalog", "Catalog", "{5210C4E7-272D-4067-ADC1-AE58094FF82D}"
EndProject
Project("{9A19103F-16F7-4668-BE54-9A1E7A4F7556}") = "Catalog.API", "Services\Catalog\Catalog.API\Catalog.API.csproj", "{F9968BD1-F685-4E97-86C7-6CD54AE84338}"
EndProject
Project("{E53339B2-1760-4266-BCC7-CA923CBCF16C}") = "docker-compose", "docker-compose.dcproj", "{3670EBDC-634A-4310-8189-AA8656A7C394}"
EndProject
Project("{2150E333-8FDC-42A3-9474-1A3956D46DE8}") = "Basket", "Basket", "{A45B4A42-C579-4B78-8839-1161C9AA4BA7}"
EndProject
Project("{FAE04EC0-301F-11D3-BF4B-00C04F79EFBC}") = "Basket.API", "Services\Basket\Basket.API\Basket.API.csproj", "{52C9A19A-24BE-4BB8-AA7E-D8BA4EAA8AC5}"
EndProject
Global
	GlobalSection(SolutionConfigurationPlatforms) = preSolution
		Debug|Any CPU = Debug|Any CPU
		Release|Any CPU = Release|Any CPU
	EndGlobalSection
	GlobalSection(ProjectConfigurationPlatforms) = postSolution
		{F9968BD1-F685-4E97-86C7-6CD54AE84338}.Debug|Any CPU.ActiveCfg = Debug|Any CPU
		{F9968BD1-F685-4E97-86C7-6CD54AE84338}.Debug|Any CPU.Build.0 = Debug|Any CPU
		{F9968BD1-F685-4E97-86C7-6CD54AE84338}.Release|Any CPU.ActiveCfg = Release|Any CPU
		{F9968BD1-F685-4E97-86C7-6CD54AE84338}.Release|Any CPU.Build.0 = Release|Any CPU
		{3670EBDC-634A-4310-8189-AA8656A7C394}.Debug|Any CPU.ActiveCfg = Debug|Any CPU
		{3670EBDC-634A-4310-8189-AA8656A7C394}.Debug|Any CPU.Build.0 = Debug|Any CPU
		{3670EBDC-634A-4310-8189-AA8656A7C394}.Release|Any CPU.ActiveCfg = Release|Any CPU
		{3670EBDC-634A-4310-8189-AA8656A7C394}.Release|Any CPU.Build.0 = Release|Any CPU
		{52C9A19A-24BE-4BB8-AA7E-D8BA4EAA8AC5}.Debug|Any CPU.ActiveCfg = Debug|Any CPU
		{52C9A19A-24BE-4BB8-AA7E-D8BA4EAA8AC5}.Debug|Any CPU.Build.0 = Debug|Any CPU
		{52C9A19A-24BE-4BB8-AA7E-D8BA4EAA8AC5}.Release|Any CPU.ActiveCfg = Release|Any CPU
		{52C9A19A-24BE-4BB8-AA7E-D8BA4EAA8AC5}.Release|Any CPU.Build.0 = Release|Any CPU
	EndGlobalSection
	GlobalSection(SolutionProperties) = preSolution
		HideSolutionNode = FALSE
	EndGlobalSection
	GlobalSection(NestedProjects) = preSolution
		{5210C4E7-272D-4067-ADC1-AE58094FF82D} = {CEED3A28-3808-43B6-B3B2-653C5F0517CE}
		{F9968BD1-F685-4E97-86C7-6CD54AE84338} = {5210C4E7-272D-4067-ADC1-AE58094FF82D}
		{A45B4A42-C579-4B78-8839-1161C9AA4BA7} = {CEED3A28-3808-43B6-B3B2-653C5F0517CE}
		{52C9A19A-24BE-4BB8-AA7E-D8BA4EAA8AC5} = {A45B4A42-C579-4B78-8839-1161C9AA4BA7}
	EndGlobalSection
	GlobalSection(ExtensibilityGlobals) = postSolution
		SolutionGuid = {19555E27-BBEB-4AC2-AF3C-AE3397C89D96}
	EndGlobalSection
EndGlobal
